// !$*UTF8*$!
{
	archiveVersion = 1;
	classes = {
	};
	objectVersion = 56;
	objects = {

/* Begin PBXBuildFile section */
		1301A32D2CCD441100071566 /* BookCell.swift in Sources */ = {isa = PBXBuildFile; fileRef = 1301A32C2CCD441100071566 /* BookCell.swift */; };
		139F295D2CCC0A8500A49493 /* AppDelegate.swift in Sources */ = {isa = PBXBuildFile; fileRef = 139F295C2CCC0A8500A49493 /* AppDelegate.swift */; };
		139F295F2CCC0A8500A49493 /* SceneDelegate.swift in Sources */ = {isa = PBXBuildFile; fileRef = 139F295E2CCC0A8500A49493 /* SceneDelegate.swift */; };
		139F29612CCC0A8500A49493 /* ViewController.swift in Sources */ = {isa = PBXBuildFile; fileRef = 139F29602CCC0A8500A49493 /* ViewController.swift */; };
		139F29642CCC0A8500A49493 /* Base in Resources */ = {isa = PBXBuildFile; fileRef = 139F29632CCC0A8500A49493 /* Base */; };
		139F29662CCC0A8800A49493 /* Assets.xcassets in Resources */ = {isa = PBXBuildFile; fileRef = 139F29652CCC0A8800A49493 /* Assets.xcassets */; };
		139F29692CCC0A8800A49493 /* Base in Resources */ = {isa = PBXBuildFile; fileRef = 139F29682CCC0A8800A49493 /* Base */; };
		139F29742CCC0A8800A49493 /* My_Fav_CollectionTests.swift in Sources */ = {isa = PBXBuildFile; fileRef = 139F29732CCC0A8800A49493 /* My_Fav_CollectionTests.swift */; };
		139F297E2CCC0A8800A49493 /* My_Fav_CollectionUITests.swift in Sources */ = {isa = PBXBuildFile; fileRef = 139F297D2CCC0A8800A49493 /* My_Fav_CollectionUITests.swift */; };
		139F29802CCC0A8800A49493 /* My_Fav_CollectionUITestsLaunchTests.swift in Sources */ = {isa = PBXBuildFile; fileRef = 139F297F2CCC0A8800A49493 /* My_Fav_CollectionUITestsLaunchTests.swift */; };
/* End PBXBuildFile section */

/* Begin PBXContainerItemProxy section */
		139F29702CCC0A8800A49493 /* PBXContainerItemProxy */ = {
			isa = PBXContainerItemProxy;
			containerPortal = 139F29512CCC0A8500A49493 /* Project object */;
			proxyType = 1;
			remoteGlobalIDString = 139F29582CCC0A8500A49493;
			remoteInfo = "My-Fav-Collection";
		};
		139F297A2CCC0A8800A49493 /* PBXContainerItemProxy */ = {
			isa = PBXContainerItemProxy;
			containerPortal = 139F29512CCC0A8500A49493 /* Project object */;
			proxyType = 1;
			remoteGlobalIDString = 139F29582CCC0A8500A49493;
			remoteInfo = "My-Fav-Collection";
		};
/* End PBXContainerItemProxy section */

/* Begin PBXFileReference section */
		1301A32C2CCD441100071566 /* BookCell.swift */ = {isa = PBXFileReference; lastKnownFileType = sourcecode.swift; path = BookCell.swift; sourceTree = "<group>"; };
		139F29592CCC0A8500A49493 /* My-Fav-Collection.app */ = {isa = PBXFileReference; explicitFileType = wrapper.application; includeInIndex = 0; path = "My-Fav-Collection.app"; sourceTree = BUILT_PRODUCTS_DIR; };
		139F295C2CCC0A8500A49493 /* AppDelegate.swift */ = {isa = PBXFileReference; lastKnownFileType = sourcecode.swift; path = AppDelegate.swift; sourceTree = "<group>"; };
		139F295E2CCC0A8500A49493 /* SceneDelegate.swift */ = {isa = PBXFileReference; lastKnownFileType = sourcecode.swift; path = SceneDelegate.swift; sourceTree = "<group>"; };
		139F29602CCC0A8500A49493 /* ViewController.swift */ = {isa = PBXFileReference; lastKnownFileType = sourcecode.swift; path = ViewController.swift; sourceTree = "<group>"; };
		139F29632CCC0A8500A49493 /* Base */ = {isa = PBXFileReference; lastKnownFileType = file.storyboard; name = Base; path = Base.lproj/Main.storyboard; sourceTree = "<group>"; };
		139F29652CCC0A8800A49493 /* Assets.xcassets */ = {isa = PBXFileReference; lastKnownFileType = folder.assetcatalog; path = Assets.xcassets; sourceTree = "<group>"; };
		139F29682CCC0A8800A49493 /* Base */ = {isa = PBXFileReference; lastKnownFileType = file.storyboard; name = Base; path = Base.lproj/LaunchScreen.storyboard; sourceTree = "<group>"; };
		139F296A2CCC0A8800A49493 /* Info.plist */ = {isa = PBXFileReference; lastKnownFileType = text.plist.xml; path = Info.plist; sourceTree = "<group>"; };
		139F296F2CCC0A8800A49493 /* My-Fav-CollectionTests.xctest */ = {isa = PBXFileReference; explicitFileType = wrapper.cfbundle; includeInIndex = 0; path = "My-Fav-CollectionTests.xctest"; sourceTree = BUILT_PRODUCTS_DIR; };
		139F29732CCC0A8800A49493 /* My_Fav_CollectionTests.swift */ = {isa = PBXFileReference; lastKnownFileType = sourcecode.swift; path = My_Fav_CollectionTests.swift; sourceTree = "<group>"; };
		139F29792CCC0A8800A49493 /* My-Fav-CollectionUITests.xctest */ = {isa = PBXFileReference; explicitFileType = wrapper.cfbundle; includeInIndex = 0; path = "My-Fav-CollectionUITests.xctest"; sourceTree = BUILT_PRODUCTS_DIR; };
		139F297D2CCC0A8800A49493 /* My_Fav_CollectionUITests.swift */ = {isa = PBXFileReference; lastKnownFileType = sourcecode.swift; path = My_Fav_CollectionUITests.swift; sourceTree = "<group>"; };
		139F297F2CCC0A8800A49493 /* My_Fav_CollectionUITestsLaunchTests.swift */ = {isa = PBXFileReference; lastKnownFileType = sourcecode.swift; path = My_Fav_CollectionUITestsLaunchTests.swift; sourceTree = "<group>"; };
/* End PBXFileReference section */

/* Begin PBXFrameworksBuildPhase section */
		139F29562CCC0A8500A49493 /* Frameworks */ = {
			isa = PBXFrameworksBuildPhase;
			buildActionMask = 2147483647;
			files = (
			);
			runOnlyForDeploymentPostprocessing = 0;
		};
		139F296C2CCC0A8800A49493 /* Frameworks */ = {
			isa = PBXFrameworksBuildPhase;
			buildActionMask = 2147483647;
			files = (
			);
			runOnlyForDeploymentPostprocessing = 0;
		};
		139F29762CCC0A8800A49493 /* Frameworks */ = {
			isa = PBXFrameworksBuildPhase;
			buildActionMask = 2147483647;
			files = (
			);
			runOnlyForDeploymentPostprocessing = 0;
		};
/* End PBXFrameworksBuildPhase section */

/* Begin PBXGroup section */
		139F29502CCC0A8500A49493 = {
			isa = PBXGroup;
			children = (
				139F295B2CCC0A8500A49493 /* My-Fav-Collection */,
				139F29722CCC0A8800A49493 /* My-Fav-CollectionTests */,
				139F297C2CCC0A8800A49493 /* My-Fav-CollectionUITests */,
				139F295A2CCC0A8500A49493 /* Products */,
			);
			sourceTree = "<group>";
		};
		139F295A2CCC0A8500A49493 /* Products */ = {
			isa = PBXGroup;
			children = (
				139F29592CCC0A8500A49493 /* My-Fav-Collection.app */,
				139F296F2CCC0A8800A49493 /* My-Fav-CollectionTests.xctest */,
				139F29792CCC0A8800A49493 /* My-Fav-CollectionUITests.xctest */,
			);
			name = Products;
			sourceTree = "<group>";
		};
		139F295B2CCC0A8500A49493 /* My-Fav-Collection */ = {
			isa = PBXGroup;
			children = (
				139F295C2CCC0A8500A49493 /* AppDelegate.swift */,
				139F295E2CCC0A8500A49493 /* SceneDelegate.swift */,
				139F29602CCC0A8500A49493 /* ViewController.swift */,
				139F29622CCC0A8500A49493 /* Main.storyboard */,
				139F29652CCC0A8800A49493 /* Assets.xcassets */,
				139F29672CCC0A8800A49493 /* LaunchScreen.storyboard */,
				139F296A2CCC0A8800A49493 /* Info.plist */,
				1301A32C2CCD441100071566 /* BookCell.swift */,
			);
			path = "My-Fav-Collection";
			sourceTree = "<group>";
		};
		139F29722CCC0A8800A49493 /* My-Fav-CollectionTests */ = {
			isa = PBXGroup;
			children = (
				139F29732CCC0A8800A49493 /* My_Fav_CollectionTests.swift */,
			);
			path = "My-Fav-CollectionTests";
			sourceTree = "<group>";
		};
		139F297C2CCC0A8800A49493 /* My-Fav-CollectionUITests */ = {
			isa = PBXGroup;
			children = (
				139F297D2CCC0A8800A49493 /* My_Fav_CollectionUITests.swift */,
				139F297F2CCC0A8800A49493 /* My_Fav_CollectionUITestsLaunchTests.swift */,
			);
			path = "My-Fav-CollectionUITests";
			sourceTree = "<group>";
		};
/* End PBXGroup section */

/* Begin PBXNativeTarget section */
		139F29582CCC0A8500A49493 /* My-Fav-Collection */ = {
			isa = PBXNativeTarget;
			buildConfigurationList = 139F29832CCC0A8800A49493 /* Build configuration list for PBXNativeTarget "My-Fav-Collection" */;
			buildPhases = (
				139F29552CCC0A8500A49493 /* Sources */,
				139F29562CCC0A8500A49493 /* Frameworks */,
				139F29572CCC0A8500A49493 /* Resources */,
			);
			buildRules = (
			);
			dependencies = (
			);
			name = "My-Fav-Collection";
			productName = "My-Fav-Collection";
			productReference = 139F29592CCC0A8500A49493 /* My-Fav-Collection.app */;
			productType = "com.apple.product-type.application";
		};
		139F296E2CCC0A8800A49493 /* My-Fav-CollectionTests */ = {
			isa = PBXNativeTarget;
			buildConfigurationList = 139F29862CCC0A8800A49493 /* Build configuration list for PBXNativeTarget "My-Fav-CollectionTests" */;
			buildPhases = (
				139F296B2CCC0A8800A49493 /* Sources */,
				139F296C2CCC0A8800A49493 /* Frameworks */,
				139F296D2CCC0A8800A49493 /* Resources */,
			);
			buildRules = (
			);
			dependencies = (
				139F29712CCC0A8800A49493 /* PBXTargetDependency */,
			);
			name = "My-Fav-CollectionTests";
			productName = "My-Fav-CollectionTests";
			productReference = 139F296F2CCC0A8800A49493 /* My-Fav-CollectionTests.xctest */;
			productType = "com.apple.product-type.bundle.unit-test";
		};
		139F29782CCC0A8800A49493 /* My-Fav-CollectionUITests */ = {
			isa = PBXNativeTarget;
			buildConfigurationList = 139F29892CCC0A8800A49493 /* Build configuration list for PBXNativeTarget "My-Fav-CollectionUITests" */;
			buildPhases = (
				139F29752CCC0A8800A49493 /* Sources */,
				139F29762CCC0A8800A49493 /* Frameworks */,
				139F29772CCC0A8800A49493 /* Resources */,
			);
			buildRules = (
			);
			dependencies = (
				139F297B2CCC0A8800A49493 /* PBXTargetDependency */,
			);
			name = "My-Fav-CollectionUITests";
			productName = "My-Fav-CollectionUITests";
			productReference = 139F29792CCC0A8800A49493 /* My-Fav-CollectionUITests.xctest */;
			productType = "com.apple.product-type.bundle.ui-testing";
		};
/* End PBXNativeTarget section */

/* Begin PBXProject section */
		139F29512CCC0A8500A49493 /* Project object */ = {
			isa = PBXProject;
			attributes = {
				BuildIndependentTargetsInParallel = 1;
				LastSwiftUpdateCheck = 1540;
				LastUpgradeCheck = 1540;
				TargetAttributes = {
					139F29582CCC0A8500A49493 = {
						CreatedOnToolsVersion = 15.4;
					};
					139F296E2CCC0A8800A49493 = {
						CreatedOnToolsVersion = 15.4;
						TestTargetID = 139F29582CCC0A8500A49493;
					};
					139F29782CCC0A8800A49493 = {
						CreatedOnToolsVersion = 15.4;
						TestTargetID = 139F29582CCC0A8500A49493;
					};
				};
			};
			buildConfigurationList = 139F29542CCC0A8500A49493 /* Build configuration list for PBXProject "My-Fav-Collection" */;
			compatibilityVersion = "Xcode 14.0";
			developmentRegion = en;
			hasScannedForEncodings = 0;
			knownRegions = (
				en,
				Base,
			);
			mainGroup = 139F29502CCC0A8500A49493;
			productRefGroup = 139F295A2CCC0A8500A49493 /* Products */;
			projectDirPath = "";
			projectRoot = "";
			targets = (
				139F29582CCC0A8500A49493 /* My-Fav-Collection */,
				139F296E2CCC0A8800A49493 /* My-Fav-CollectionTests */,
				139F29782CCC0A8800A49493 /* My-Fav-CollectionUITests */,
			);
		};
/* End PBXProject section */

/* Begin PBXResourcesBuildPhase section */
		139F29572CCC0A8500A49493 /* Resources */ = {
			isa = PBXResourcesBuildPhase;
			buildActionMask = 2147483647;
			files = (
				139F29662CCC0A8800A49493 /* Assets.xcassets in Resources */,
				139F29692CCC0A8800A49493 /* Base in Resources */,
				139F29642CCC0A8500A49493 /* Base in Resources */,
			);
			runOnlyForDeploymentPostprocessing = 0;
		};
		139F296D2CCC0A8800A49493 /* Resources */ = {
			isa = PBXResourcesBuildPhase;
			buildActionMask = 2147483647;
			files = (
			);
			runOnlyForDeploymentPostprocessing = 0;
		};
		139F29772CCC0A8800A49493 /* Resources */ = {
			isa = PBXResourcesBuildPhase;
			buildActionMask = 2147483647;
			files = (
			);
			runOnlyForDeploymentPostprocessing = 0;
		};
/* End PBXResourcesBuildPhase section */

/* Begin PBXSourcesBuildPhase section */
		139F29552CCC0A8500A49493 /* Sources */ = {
			isa = PBXSourcesBuildPhase;
			buildActionMask = 2147483647;
			files = (
				1301A32D2CCD441100071566 /* BookCell.swift in Sources */,
				139F29612CCC0A8500A49493 /* ViewController.swift in Sources */,
				139F295D2CCC0A8500A49493 /* AppDelegate.swift in Sources */,
				139F295F2CCC0A8500A49493 /* SceneDelegate.swift in Sources */,
			);
			runOnlyForDeploymentPostprocessing = 0;
		};
		139F296B2CCC0A8800A49493 /* Sources */ = {
			isa = PBXSourcesBuildPhase;
			buildActionMask = 2147483647;
			files = (
				139F29742CCC0A8800A49493 /* My_Fav_CollectionTests.swift in Sources */,
			);
			runOnlyForDeploymentPostprocessing = 0;
		};
		139F29752CCC0A8800A49493 /* Sources */ = {
			isa = PBXSourcesBuildPhase;
			buildActionMask = 2147483647;
			files = (
				139F29802CCC0A8800A49493 /* My_Fav_CollectionUITestsLaunchTests.swift in Sources */,
				139F297E2CCC0A8800A49493 /* My_Fav_CollectionUITests.swift in Sources */,
			);
			runOnlyForDeploymentPostprocessing = 0;
		};
/* End PBXSourcesBuildPhase section */

/* Begin PBXTargetDependency section */
		139F29712CCC0A8800A49493 /* PBXTargetDependency */ = {
			isa = PBXTargetDependency;
			target = 139F29582CCC0A8500A49493 /* My-Fav-Collection */;
			targetProxy = 139F29702CCC0A8800A49493 /* PBXContainerItemProxy */;
		};
		139F297B2CCC0A8800A49493 /* PBXTargetDependency */ = {
			isa = PBXTargetDependency;
			target = 139F29582CCC0A8500A49493 /* My-Fav-Collection */;
			targetProxy = 139F297A2CCC0A8800A49493 /* PBXContainerItemProxy */;
		};
/* End PBXTargetDependency section */

/* Begin PBXVariantGroup section */
		139F29622CCC0A8500A49493 /* Main.storyboard */ = {
			isa = PBXVariantGroup;
			children = (
				139F29632CCC0A8500A49493 /* Base */,
			);
			name = Main.storyboard;
			sourceTree = "<group>";
		};
		139F29672CCC0A8800A49493 /* LaunchScreen.storyboard */ = {
			isa = PBXVariantGroup;
			children = (
				139F29682CCC0A8800A49493 /* Base */,
			);
			name = LaunchScreen.storyboard;
			sourceTree = "<group>";
		};
/* End PBXVariantGroup section */

/* Begin XCBuildConfiguration section */
		139F29812CCC0A8800A49493 /* Debug */ = {
			isa = XCBuildConfiguration;
			buildSettings = {
				ALWAYS_SEARCH_USER_PATHS = NO;
				ASSETCATALOG_COMPILER_GENERATE_SWIFT_ASSET_SYMBOL_EXTENSIONS = YES;
				CLANG_ANALYZER_NONNULL = YES;
				CLANG_ANALYZER_NUMBER_OBJECT_CONVERSION = YES_AGGRESSIVE;
				CLANG_CXX_LANGUAGE_STANDARD = "gnu++20";
				CLANG_ENABLE_MODULES = YES;
				CLANG_ENABLE_OBJC_ARC = YES;
				CLANG_ENABLE_OBJC_WEAK = YES;
				CLANG_WARN_BLOCK_CAPTURE_AUTORELEASING = YES;
				CLANG_WARN_BOOL_CONVERSION = YES;
				CLANG_WARN_COMMA = YES;
				CLANG_WARN_CONSTANT_CONVERSION = YES;
				CLANG_WARN_DEPRECATED_OBJC_IMPLEMENTATIONS = YES;
				CLANG_WARN_DIRECT_OBJC_ISA_USAGE = YES_ERROR;
				CLANG_WARN_DOCUMENTATION_COMMENTS = YES;
				CLANG_WARN_EMPTY_BODY = YES;
				CLANG_WARN_ENUM_CONVERSION = YES;
				CLANG_WARN_INFINITE_RECURSION = YES;
				CLANG_WARN_INT_CONVERSION = YES;
				CLANG_WARN_NON_LITERAL_NULL_CONVERSION = YES;
				CLANG_WARN_OBJC_IMPLICIT_RETAIN_SELF = YES;
				CLANG_WARN_OBJC_LITERAL_CONVERSION = YES;
				CLANG_WARN_OBJC_ROOT_CLASS = YES_ERROR;
				CLANG_WARN_QUOTED_INCLUDE_IN_FRAMEWORK_HEADER = YES;
				CLANG_WARN_RANGE_LOOP_ANALYSIS = YES;
				CLANG_WARN_STRICT_PROTOTYPES = YES;
				CLANG_WARN_SUSPICIOUS_MOVE = YES;
				CLANG_WARN_UNGUARDED_AVAILABILITY = YES_AGGRESSIVE;
				CLANG_WARN_UNREACHABLE_CODE = YES;
				CLANG_WARN__DUPLICATE_METHOD_MATCH = YES;
				COPY_PHASE_STRIP = NO;
				DEBUG_INFORMATION_FORMAT = dwarf;
				ENABLE_STRICT_OBJC_MSGSEND = YES;
				ENABLE_TESTABILITY = YES;
				ENABLE_USER_SCRIPT_SANDBOXING = YES;
				GCC_C_LANGUAGE_STANDARD = gnu17;
				GCC_DYNAMIC_NO_PIC = NO;
				GCC_NO_COMMON_BLOCKS = YES;
				GCC_OPTIMIZATION_LEVEL = 0;
				GCC_PREPROCESSOR_DEFINITIONS = (
					"DEBUG=1",
					"$(inherited)",
				);
				GCC_WARN_64_TO_32_BIT_CONVERSION = YES;
				GCC_WARN_ABOUT_RETURN_TYPE = YES_ERROR;
				GCC_WARN_UNDECLARED_SELECTOR = YES;
				GCC_WARN_UNINITIALIZED_AUTOS = YES_AGGRESSIVE;
				GCC_WARN_UNUSED_FUNCTION = YES;
				GCC_WARN_UNUSED_VARIABLE = YES;
				IPHONEOS_DEPLOYMENT_TARGET = 17.5;
				LOCALIZATION_PREFERS_STRING_CATALOGS = YES;
				MTL_ENABLE_DEBUG_INFO = INCLUDE_SOURCE;
				MTL_FAST_MATH = YES;
				ONLY_ACTIVE_ARCH = YES;
				SDKROOT = iphoneos;
				SWIFT_ACTIVE_COMPILATION_CONDITIONS = "DEBUG $(inherited)";
				SWIFT_OPTIMIZATION_LEVEL = "-Onone";
			};
			name = Debug;
		};
		139F29822CCC0A8800A49493 /* Release */ = {
			isa = XCBuildConfiguration;
			buildSettings = {
				ALWAYS_SEARCH_USER_PATHS = NO;
				ASSETCATALOG_COMPILER_GENERATE_SWIFT_ASSET_SYMBOL_EXTENSIONS = YES;
				CLANG_ANALYZER_NONNULL = YES;
				CLANG_ANALYZER_NUMBER_OBJECT_CONVERSION = YES_AGGRESSIVE;
				CLANG_CXX_LANGUAGE_STANDARD = "gnu++20";
				CLANG_ENABLE_MODULES = YES;
				CLANG_ENABLE_OBJC_ARC = YES;
				CLANG_ENABLE_OBJC_WEAK = YES;
				CLANG_WARN_BLOCK_CAPTURE_AUTORELEASING = YES;
				CLANG_WARN_BOOL_CONVERSION = YES;
				CLANG_WARN_COMMA = YES;
				CLANG_WARN_CONSTANT_CONVERSION = YES;
				CLANG_WARN_DEPRECATED_OBJC_IMPLEMENTATIONS = YES;
				CLANG_WARN_DIRECT_OBJC_ISA_USAGE = YES_ERROR;
				CLANG_WARN_DOCUMENTATION_COMMENTS = YES;
				CLANG_WARN_EMPTY_BODY = YES;
				CLANG_WARN_ENUM_CONVERSION = YES;
				CLANG_WARN_INFINITE_RECURSION = YES;
				CLANG_WARN_INT_CONVERSION = YES;
				CLANG_WARN_NON_LITERAL_NULL_CONVERSION = YES;
				CLANG_WARN_OBJC_IMPLICIT_RETAIN_SELF = YES;
				CLANG_WARN_OBJC_LITERAL_CONVERSION = YES;
				CLANG_WARN_OBJC_ROOT_CLASS = YES_ERROR;
				CLANG_WARN_QUOTED_INCLUDE_IN_FRAMEWORK_HEADER = YES;
				CLANG_WARN_RANGE_LOOP_ANALYSIS = YES;
				CLANG_WARN_STRICT_PROTOTYPES = YES;
				CLANG_WARN_SUSPICIOUS_MOVE = YES;
				CLANG_WARN_UNGUARDED_AVAILABILITY = YES_AGGRESSIVE;
				CLANG_WARN_UNREACHABLE_CODE = YES;
				CLANG_WARN__DUPLICATE_METHOD_MATCH = YES;
				COPY_PHASE_STRIP = NO;
				DEBUG_INFORMATION_FORMAT = "dwarf-with-dsym";
				ENABLE_NS_ASSERTIONS = NO;
				ENABLE_STRICT_OBJC_MSGSEND = YES;
				ENABLE_USER_SCRIPT_SANDBOXING = YES;
				GCC_C_LANGUAGE_STANDARD = gnu17;
				GCC_NO_COMMON_BLOCKS = YES;
				GCC_WARN_64_TO_32_BIT_CONVERSION = YES;
				GCC_WARN_ABOUT_RETURN_TYPE = YES_ERROR;
				GCC_WARN_UNDECLARED_SELECTOR = YES;
				GCC_WARN_UNINITIALIZED_AUTOS = YES_AGGRESSIVE;
				GCC_WARN_UNUSED_FUNCTION = YES;
				GCC_WARN_UNUSED_VARIABLE = YES;
				IPHONEOS_DEPLOYMENT_TARGET = 17.5;
				LOCALIZATION_PREFERS_STRING_CATALOGS = YES;
				MTL_ENABLE_DEBUG_INFO = NO;
				MTL_FAST_MATH = YES;
				SDKROOT = iphoneos;
				SWIFT_COMPILATION_MODE = wholemodule;
				VALIDATE_PRODUCT = YES;
			};
			name = Release;
		};
		139F29842CCC0A8800A49493 /* Debug */ = {
			isa = XCBuildConfiguration;
			buildSettings = {
				ASSETCATALOG_COMPILER_APPICON_NAME = AppIcon;
				ASSETCATALOG_COMPILER_GLOBAL_ACCENT_COLOR_NAME = AccentColor;
				CODE_SIGN_STYLE = Automatic;
				CURRENT_PROJECT_VERSION = 1;
				GENERATE_INFOPLIST_FILE = YES;
				INFOPLIST_FILE = "My-Fav-Collection/Info.plist";
				INFOPLIST_KEY_UIApplicationSupportsIndirectInputEvents = YES;
				INFOPLIST_KEY_UILaunchStoryboardName = LaunchScreen;
				INFOPLIST_KEY_UIMainStoryboardFile = Main;
				INFOPLIST_KEY_UISupportedInterfaceOrientations_iPad = "UIInterfaceOrientationPortrait UIInterfaceOrientationPortraitUpsideDown UIInterfaceOrientationLandscapeLeft UIInterfaceOrientationLandscapeRight";
				INFOPLIST_KEY_UISupportedInterfaceOrientations_iPhone = "UIInterfaceOrientationPortrait UIInterfaceOrientationLandscapeLeft UIInterfaceOrientationLandscapeRight";
				LD_RUNPATH_SEARCH_PATHS = (
					"$(inherited)",
					"@executable_path/Frameworks",
				);
				MARKETING_VERSION = 1.0;
				PRODUCT_BUNDLE_IDENTIFIER = "None.My-Fav-Collection";
				PRODUCT_NAME = "$(TARGET_NAME)";
				SWIFT_EMIT_LOC_STRINGS = YES;
				SWIFT_VERSION = 5.0;
				TARGETED_DEVICE_FAMILY = "1,2";
			};
			name = Debug;
		};
		139F29852CCC0A8800A49493 /* Release */ = {
			isa = XCBuildConfiguration;
			buildSettings = {
				ASSETCATALOG_COMPILER_APPICON_NAME = AppIcon;
				ASSETCATALOG_COMPILER_GLOBAL_ACCENT_COLOR_NAME = AccentColor;
				CODE_SIGN_STYLE = Automatic;
				CURRENT_PROJECT_VERSION = 1;
				GENERATE_INFOPLIST_FILE = YES;
				INFOPLIST_FILE = "My-Fav-Collection/Info.plist";
				INFOPLIST_KEY_UIApplicationSupportsIndirectInputEvents = YES;
				INFOPLIST_KEY_UILaunchStoryboardName = LaunchScreen;
				INFOPLIST_KEY_UIMainStoryboardFile = Main;
				INFOPLIST_KEY_UISupportedInterfaceOrientations_iPad = "UIInterfaceOrientationPortrait UIInterfaceOrientationPortraitUpsideDown UIInterfaceOrientationLandscapeLeft UIInterfaceOrientationLandscapeRight";
				INFOPLIST_KEY_UISupportedInterfaceOrientations_iPhone = "UIInterfaceOrientationPortrait UIInterfaceOrientationLandscapeLeft UIInterfaceOrientationLandscapeRight";
				LD_RUNPATH_SEARCH_PATHS = (
					"$(inherited)",
					"@executable_path/Frameworks",
				);
				MARKETING_VERSION = 1.0;
				PRODUCT_BUNDLE_IDENTIFIER = "None.My-Fav-Collection";
				PRODUCT_NAME = "$(TARGET_NAME)";
				SWIFT_EMIT_LOC_STRINGS = YES;
				SWIFT_VERSION = 5.0;
				TARGETED_DEVICE_FAMILY = "1,2";
			};
			name = Release;
		};
		139F29872CCC0A8800A49493 /* Debug */ = {
			isa = XCBuildConfiguration;
			buildSettings = {
				ALWAYS_EMBED_SWIFT_STANDARD_LIBRARIES = YES;
				BUNDLE_LOADER = "$(TEST_HOST)";
				CODE_SIGN_STYLE = Automatic;
				CURRENT_PROJECT_VERSION = 1;
				GENERATE_INFOPLIST_FILE = YES;
				IPHONEOS_DEPLOYMENT_TARGET = 17.5;
				MARKETING_VERSION = 1.0;
				PRODUCT_BUNDLE_IDENTIFIER = "None.My-Fav-CollectionTests";
				PRODUCT_NAME = "$(TARGET_NAME)";
				SWIFT_EMIT_LOC_STRINGS = NO;
				SWIFT_VERSION = 5.0;
				TARGETED_DEVICE_FAMILY = "1,2";
				TEST_HOST = "$(BUILT_PRODUCTS_DIR)/My-Fav-Collection.app/$(BUNDLE_EXECUTABLE_FOLDER_PATH)/My-Fav-Collection";
			};
			name = Debug;
		};
		139F29882CCC0A8800A49493 /* Release */ = {
			isa = XCBuildConfiguration;
			buildSettings = {
				ALWAYS_EMBED_SWIFT_STANDARD_LIBRARIES = YES;
				BUNDLE_LOADER = "$(TEST_HOST)";
				CODE_SIGN_STYLE = Automatic;
				CURRENT_PROJECT_VERSION = 1;
				GENERATE_INFOPLIST_FILE = YES;
				IPHONEOS_DEPLOYMENT_TARGET = 17.5;
				MARKETING_VERSION = 1.0;
				PRODUCT_BUNDLE_IDENTIFIER = "None.My-Fav-CollectionTests";
				PRODUCT_NAME = "$(TARGET_NAME)";
				SWIFT_EMIT_LOC_STRINGS = NO;
				SWIFT_VERSION = 5.0;
				TARGETED_DEVICE_FAMILY = "1,2";
				TEST_HOST = "$(BUILT_PRODUCTS_DIR)/My-Fav-Collection.app/$(BUNDLE_EXECUTABLE_FOLDER_PATH)/My-Fav-Collection";
			};
			name = Release;
		};
		139F298A2CCC0A8800A49493 /* Debug */ = {
			isa = XCBuildConfiguration;
			buildSettings = {
				ALWAYS_EMBED_SWIFT_STANDARD_LIBRARIES = YES;
				CODE_SIGN_STYLE = Automatic;
				CURRENT_PROJECT_VERSION = 1;
				GENERATE_INFOPLIST_FILE = YES;
				MARKETING_VERSION = 1.0;
				PRODUCT_BUNDLE_IDENTIFIER = "None.My-Fav-CollectionUITests";
				PRODUCT_NAME = "$(TARGET_NAME)";
				SWIFT_EMIT_LOC_STRINGS = NO;
				SWIFT_VERSION = 5.0;
				TARGETED_DEVICE_FAMILY = "1,2";
				TEST_TARGET_NAME = "My-Fav-Collection";
			};
			name = Debug;
		};
		139F298B2CCC0A8800A49493 /* Release */ = {
			isa = XCBuildConfiguration;
			buildSettings = {
				ALWAYS_EMBED_SWIFT_STANDARD_LIBRARIES = YES;
				CODE_SIGN_STYLE = Automatic;
				CURRENT_PROJECT_VERSION = 1;
				GENERATE_INFOPLIST_FILE = YES;
				MARKETING_VERSION = 1.0;
				PRODUCT_BUNDLE_IDENTIFIER = "None.My-Fav-CollectionUITests";
				PRODUCT_NAME = "$(TARGET_NAME)";
				SWIFT_EMIT_LOC_STRINGS = NO;
				SWIFT_VERSION = 5.0;
				TARGETED_DEVICE_FAMILY = "1,2";
				TEST_TARGET_NAME = "My-Fav-Collection";
			};
			name = Release;
		};
/* End XCBuildConfiguration section */

/* Begin XCConfigurationList section */
		139F29542CCC0A8500A49493 /* Build configuration list for PBXProject "My-Fav-Collection" */ = {
			isa = XCConfigurationList;
			buildConfigurations = (
				139F29812CCC0A8800A49493 /* Debug */,
				139F29822CCC0A8800A49493 /* Release */,
			);
			defaultConfigurationIsVisible = 0;
			defaultConfigurationName = Release;
		};
		139F29832CCC0A8800A49493 /* Build configuration list for PBXNativeTarget "My-Fav-Collection" */ = {
			isa = XCConfigurationList;
			buildConfigurations = (
				139F29842CCC0A8800A49493 /* Debug */,
				139F29852CCC0A8800A49493 /* Release */,
			);
			defaultConfigurationIsVisible = 0;
			defaultConfigurationName = Release;
		};
		139F29862CCC0A8800A49493 /* Build configuration list for PBXNativeTarget "My-Fav-CollectionTests" */ = {
			isa = XCConfigurationList;
			buildConfigurations = (
				139F29872CCC0A8800A49493 /* Debug */,
				139F29882CCC0A8800A49493 /* Release */,
			);
			defaultConfigurationIsVisible = 0;
			defaultConfigurationName = Release;
		};
		139F29892CCC0A8800A49493 /* Build configuration list for PBXNativeTarget "My-Fav-CollectionUITests" */ = {
			isa = XCConfigurationList;
			buildConfigurations = (
				139F298A2CCC0A8800A49493 /* Debug */,
				139F298B2CCC0A8800A49493 /* Release */,
			);
			defaultConfigurationIsVisible = 0;
			defaultConfigurationName = Release;
		};
/* End XCConfigurationList section */
	};
	rootObject = 139F29512CCC0A8500A49493 /* Project object */;
}
