// !$*UTF8*$!
{
	archiveVersion = 1;
	classes = {
	};
	objectVersion = 56;
	objects = {

/* Begin PBXBuildFile section */
		130E76342CC829180004BDF2 /* AppDelegate.swift in Sources */ = {isa = PBXBuildFile; fileRef = 130E76332CC829180004BDF2 /* AppDelegate.swift */; };
		130E76362CC829180004BDF2 /* SceneDelegate.swift in Sources */ = {isa = PBXBuildFile; fileRef = 130E76352CC829180004BDF2 /* SceneDelegate.swift */; };
		130E76382CC829180004BDF2 /* ViewController.swift in Sources */ = {isa = PBXBuildFile; fileRef = 130E76372CC829180004BDF2 /* ViewController.swift */; };
		130E763B2CC829180004BDF2 /* Base in Resources */ = {isa = PBXBuildFile; fileRef = 130E763A2CC829180004BDF2 /* Base */; };
		130E763D2CC8291A0004BDF2 /* Assets.xcassets in Resources */ = {isa = PBXBuildFile; fileRef = 130E763C2CC8291A0004BDF2 /* Assets.xcassets */; };
		130E76402CC8291A0004BDF2 /* Base in Resources */ = {isa = PBXBuildFile; fileRef = 130E763F2CC8291A0004BDF2 /* Base */; };
		130E764B2CC8291A0004BDF2 /* iOSmidtermTests.swift in Sources */ = {isa = PBXBuildFile; fileRef = 130E764A2CC8291A0004BDF2 /* iOSmidtermTests.swift */; };
		130E76552CC8291B0004BDF2 /* iOSmidtermUITests.swift in Sources */ = {isa = PBXBuildFile; fileRef = 130E76542CC8291B0004BDF2 /* iOSmidtermUITests.swift */; };
		130E76572CC8291B0004BDF2 /* iOSmidtermUITestsLaunchTests.swift in Sources */ = {isa = PBXBuildFile; fileRef = 130E76562CC8291B0004BDF2 /* iOSmidtermUITestsLaunchTests.swift */; };
/* End PBXBuildFile section */

/* Begin PBXContainerItemProxy section */
		130E76472CC8291A0004BDF2 /* PBXContainerItemProxy */ = {
			isa = PBXContainerItemProxy;
			containerPortal = 130E76282CC829180004BDF2 /* Project object */;
			proxyType = 1;
			remoteGlobalIDString = 130E762F2CC829180004BDF2;
			remoteInfo = iOSmidterm;
		};
		130E76512CC8291B0004BDF2 /* PBXContainerItemProxy */ = {
			isa = PBXContainerItemProxy;
			containerPortal = 130E76282CC829180004BDF2 /* Project object */;
			proxyType = 1;
			remoteGlobalIDString = 130E762F2CC829180004BDF2;
			remoteInfo = iOSmidterm;
		};
/* End PBXContainerItemProxy section */

/* Begin PBXFileReference section */
		130E76302CC829180004BDF2 /* iOSmidterm.app */ = {isa = PBXFileReference; explicitFileType = wrapper.application; includeInIndex = 0; path = iOSmidterm.app; sourceTree = BUILT_PRODUCTS_DIR; };
		130E76332CC829180004BDF2 /* AppDelegate.swift */ = {isa = PBXFileReference; lastKnownFileType = sourcecode.swift; path = AppDelegate.swift; sourceTree = "<group>"; };
		130E76352CC829180004BDF2 /* SceneDelegate.swift */ = {isa = PBXFileReference; lastKnownFileType = sourcecode.swift; path = SceneDelegate.swift; sourceTree = "<group>"; };
		130E76372CC829180004BDF2 /* ViewController.swift */ = {isa = PBXFileReference; lastKnownFileType = sourcecode.swift; path = ViewController.swift; sourceTree = "<group>"; };
		130E763A2CC829180004BDF2 /* Base */ = {isa = PBXFileReference; lastKnownFileType = file.storyboard; name = Base; path = Base.lproj/Main.storyboard; sourceTree = "<group>"; };
		130E763C2CC8291A0004BDF2 /* Assets.xcassets */ = {isa = PBXFileReference; lastKnownFileType = folder.assetcatalog; path = Assets.xcassets; sourceTree = "<group>"; };
		130E763F2CC8291A0004BDF2 /* Base */ = {isa = PBXFileReference; lastKnownFileType = file.storyboard; name = Base; path = Base.lproj/LaunchScreen.storyboard; sourceTree = "<group>"; };
		130E76412CC8291A0004BDF2 /* Info.plist */ = {isa = PBXFileReference; lastKnownFileType = text.plist.xml; path = Info.plist; sourceTree = "<group>"; };
		130E76462CC8291A0004BDF2 /* iOSmidtermTests.xctest */ = {isa = PBXFileReference; explicitFileType = wrapper.cfbundle; includeInIndex = 0; path = iOSmidtermTests.xctest; sourceTree = BUILT_PRODUCTS_DIR; };
		130E764A2CC8291A0004BDF2 /* iOSmidtermTests.swift */ = {isa = PBXFileReference; lastKnownFileType = sourcecode.swift; path = iOSmidtermTests.swift; sourceTree = "<group>"; };
		130E76502CC8291B0004BDF2 /* iOSmidtermUITests.xctest */ = {isa = PBXFileReference; explicitFileType = wrapper.cfbundle; includeInIndex = 0; path = iOSmidtermUITests.xctest; sourceTree = BUILT_PRODUCTS_DIR; };
		130E76542CC8291B0004BDF2 /* iOSmidtermUITests.swift */ = {isa = PBXFileReference; lastKnownFileType = sourcecode.swift; path = iOSmidtermUITests.swift; sourceTree = "<group>"; };
		130E76562CC8291B0004BDF2 /* iOSmidtermUITestsLaunchTests.swift */ = {isa = PBXFileReference; lastKnownFileType = sourcecode.swift; path = iOSmidtermUITestsLaunchTests.swift; sourceTree = "<group>"; };
/* End PBXFileReference section */

/* Begin PBXFrameworksBuildPhase section */
		130E762D2CC829180004BDF2 /* Frameworks */ = {
			isa = PBXFrameworksBuildPhase;
			buildActionMask = 2147483647;
			files = (
			);
			runOnlyForDeploymentPostprocessing = 0;
		};
		130E76432CC8291A0004BDF2 /* Frameworks */ = {
			isa = PBXFrameworksBuildPhase;
			buildActionMask = 2147483647;
			files = (
			);
			runOnlyForDeploymentPostprocessing = 0;
		};
		130E764D2CC8291B0004BDF2 /* Frameworks */ = {
			isa = PBXFrameworksBuildPhase;
			buildActionMask = 2147483647;
			files = (
			);
			runOnlyForDeploymentPostprocessing = 0;
		};
/* End PBXFrameworksBuildPhase section */

/* Begin PBXGroup section */
		130E76272CC829180004BDF2 = {
			isa = PBXGroup;
			children = (
				130E76322CC829180004BDF2 /* iOSmidterm */,
				130E76492CC8291A0004BDF2 /* iOSmidtermTests */,
				130E76532CC8291B0004BDF2 /* iOSmidtermUITests */,
				130E76312CC829180004BDF2 /* Products */,
			);
			sourceTree = "<group>";
		};
		130E76312CC829180004BDF2 /* Products */ = {
			isa = PBXGroup;
			children = (
				130E76302CC829180004BDF2 /* iOSmidterm.app */,
				130E76462CC8291A0004BDF2 /* iOSmidtermTests.xctest */,
				130E76502CC8291B0004BDF2 /* iOSmidtermUITests.xctest */,
			);
			name = Products;
			sourceTree = "<group>";
		};
		130E76322CC829180004BDF2 /* iOSmidterm */ = {
			isa = PBXGroup;
			children = (
				130E76332CC829180004BDF2 /* AppDelegate.swift */,
				130E76352CC829180004BDF2 /* SceneDelegate.swift */,
				130E76372CC829180004BDF2 /* ViewController.swift */,
				130E76392CC829180004BDF2 /* Main.storyboard */,
				130E763C2CC8291A0004BDF2 /* Assets.xcassets */,
				130E763E2CC8291A0004BDF2 /* LaunchScreen.storyboard */,
				130E76412CC8291A0004BDF2 /* Info.plist */,
			);
			path = iOSmidterm;
			sourceTree = "<group>";
		};
		130E76492CC8291A0004BDF2 /* iOSmidtermTests */ = {
			isa = PBXGroup;
			children = (
				130E764A2CC8291A0004BDF2 /* iOSmidtermTests.swift */,
			);
			path = iOSmidtermTests;
			sourceTree = "<group>";
		};
		130E76532CC8291B0004BDF2 /* iOSmidtermUITests */ = {
			isa = PBXGroup;
			children = (
				130E76542CC8291B0004BDF2 /* iOSmidtermUITests.swift */,
				130E76562CC8291B0004BDF2 /* iOSmidtermUITestsLaunchTests.swift */,
			);
			path = iOSmidtermUITests;
			sourceTree = "<group>";
		};
/* End PBXGroup section */

/* Begin PBXNativeTarget section */
		130E762F2CC829180004BDF2 /* iOSmidterm */ = {
			isa = PBXNativeTarget;
			buildConfigurationList = 130E765A2CC8291B0004BDF2 /* Build configuration list for PBXNativeTarget "iOSmidterm" */;
			buildPhases = (
				130E762C2CC829180004BDF2 /* Sources */,
				130E762D2CC829180004BDF2 /* Frameworks */,
				130E762E2CC829180004BDF2 /* Resources */,
			);
			buildRules = (
			);
			dependencies = (
			);
			name = iOSmidterm;
			productName = iOSmidterm;
			productReference = 130E76302CC829180004BDF2 /* iOSmidterm.app */;
			productType = "com.apple.product-type.application";
		};
		130E76452CC8291A0004BDF2 /* iOSmidtermTests */ = {
			isa = PBXNativeTarget;
			buildConfigurationList = 130E765D2CC8291B0004BDF2 /* Build configuration list for PBXNativeTarget "iOSmidtermTests" */;
			buildPhases = (
				130E76422CC8291A0004BDF2 /* Sources */,
				130E76432CC8291A0004BDF2 /* Frameworks */,
				130E76442CC8291A0004BDF2 /* Resources */,
			);
			buildRules = (
			);
			dependencies = (
				130E76482CC8291A0004BDF2 /* PBXTargetDependency */,
			);
			name = iOSmidtermTests;
			productName = iOSmidtermTests;
			productReference = 130E76462CC8291A0004BDF2 /* iOSmidtermTests.xctest */;
			productType = "com.apple.product-type.bundle.unit-test";
		};
		130E764F2CC8291B0004BDF2 /* iOSmidtermUITests */ = {
			isa = PBXNativeTarget;
			buildConfigurationList = 130E76602CC8291B0004BDF2 /* Build configuration list for PBXNativeTarget "iOSmidtermUITests" */;
			buildPhases = (
				130E764C2CC8291B0004BDF2 /* Sources */,
				130E764D2CC8291B0004BDF2 /* Frameworks */,
				130E764E2CC8291B0004BDF2 /* Resources */,
			);
			buildRules = (
			);
			dependencies = (
				130E76522CC8291B0004BDF2 /* PBXTargetDependency */,
			);
			name = iOSmidtermUITests;
			productName = iOSmidtermUITests;
			productReference = 130E76502CC8291B0004BDF2 /* iOSmidtermUITests.xctest */;
			productType = "com.apple.product-type.bundle.ui-testing";
		};
/* End PBXNativeTarget section */

/* Begin PBXProject section */
		130E76282CC829180004BDF2 /* Project object */ = {
			isa = PBXProject;
			attributes = {
				BuildIndependentTargetsInParallel = 1;
				LastSwiftUpdateCheck = 1540;
				LastUpgradeCheck = 1540;
				TargetAttributes = {
					130E762F2CC829180004BDF2 = {
						CreatedOnToolsVersion = 15.4;
					};
					130E76452CC8291A0004BDF2 = {
						CreatedOnToolsVersion = 15.4;
						TestTargetID = 130E762F2CC829180004BDF2;
					};
					130E764F2CC8291B0004BDF2 = {
						CreatedOnToolsVersion = 15.4;
						TestTargetID = 130E762F2CC829180004BDF2;
					};
				};
			};
			buildConfigurationList = 130E762B2CC829180004BDF2 /* Build configuration list for PBXProject "iOSmidterm" */;
			compatibilityVersion = "Xcode 14.0";
			developmentRegion = en;
			hasScannedForEncodings = 0;
			knownRegions = (
				en,
				Base,
			);
			mainGroup = 130E76272CC829180004BDF2;
			productRefGroup = 130E76312CC829180004BDF2 /* Products */;
			projectDirPath = "";
			projectRoot = "";
			targets = (
				130E762F2CC829180004BDF2 /* iOSmidterm */,
				130E76452CC8291A0004BDF2 /* iOSmidtermTests */,
				130E764F2CC8291B0004BDF2 /* iOSmidtermUITests */,
			);
		};
/* End PBXProject section */

/* Begin PBXResourcesBuildPhase section */
		130E762E2CC829180004BDF2 /* Resources */ = {
			isa = PBXResourcesBuildPhase;
			buildActionMask = 2147483647;
			files = (
				130E763D2CC8291A0004BDF2 /* Assets.xcassets in Resources */,
				130E76402CC8291A0004BDF2 /* Base in Resources */,
				130E763B2CC829180004BDF2 /* Base in Resources */,
			);
			runOnlyForDeploymentPostprocessing = 0;
		};
		130E76442CC8291A0004BDF2 /* Resources */ = {
			isa = PBXResourcesBuildPhase;
			buildActionMask = 2147483647;
			files = (
			);
			runOnlyForDeploymentPostprocessing = 0;
		};
		130E764E2CC8291B0004BDF2 /* Resources */ = {
			isa = PBXResourcesBuildPhase;
			buildActionMask = 2147483647;
			files = (
			);
			runOnlyForDeploymentPostprocessing = 0;
		};
/* End PBXResourcesBuildPhase section */

/* Begin PBXSourcesBuildPhase section */
		130E762C2CC829180004BDF2 /* Sources */ = {
			isa = PBXSourcesBuildPhase;
			buildActionMask = 2147483647;
			files = (
				130E76382CC829180004BDF2 /* ViewController.swift in Sources */,
				130E76342CC829180004BDF2 /* AppDelegate.swift in Sources */,
				130E76362CC829180004BDF2 /* SceneDelegate.swift in Sources */,
			);
			runOnlyForDeploymentPostprocessing = 0;
		};
		130E76422CC8291A0004BDF2 /* Sources */ = {
			isa = PBXSourcesBuildPhase;
			buildActionMask = 2147483647;
			files = (
				130E764B2CC8291A0004BDF2 /* iOSmidtermTests.swift in Sources */,
			);
			runOnlyForDeploymentPostprocessing = 0;
		};
		130E764C2CC8291B0004BDF2 /* Sources */ = {
			isa = PBXSourcesBuildPhase;
			buildActionMask = 2147483647;
			files = (
				130E76552CC8291B0004BDF2 /* iOSmidtermUITests.swift in Sources */,
				130E76572CC8291B0004BDF2 /* iOSmidtermUITestsLaunchTests.swift in Sources */,
			);
			runOnlyForDeploymentPostprocessing = 0;
		};
/* End PBXSourcesBuildPhase section */

/* Begin PBXTargetDependency section */
		130E76482CC8291A0004BDF2 /* PBXTargetDependency */ = {
			isa = PBXTargetDependency;
			target = 130E762F2CC829180004BDF2 /* iOSmidterm */;
			targetProxy = 130E76472CC8291A0004BDF2 /* PBXContainerItemProxy */;
		};
		130E76522CC8291B0004BDF2 /* PBXTargetDependency */ = {
			isa = PBXTargetDependency;
			target = 130E762F2CC829180004BDF2 /* iOSmidterm */;
			targetProxy = 130E76512CC8291B0004BDF2 /* PBXContainerItemProxy */;
		};
/* End PBXTargetDependency section */

/* Begin PBXVariantGroup section */
		130E76392CC829180004BDF2 /* Main.storyboard */ = {
			isa = PBXVariantGroup;
			children = (
				130E763A2CC829180004BDF2 /* Base */,
			);
			name = Main.storyboard;
			sourceTree = "<group>";
		};
		130E763E2CC8291A0004BDF2 /* LaunchScreen.storyboard */ = {
			isa = PBXVariantGroup;
			children = (
				130E763F2CC8291A0004BDF2 /* Base */,
			);
			name = LaunchScreen.storyboard;
			sourceTree = "<group>";
		};
/* End PBXVariantGroup section */

/* Begin XCBuildConfiguration section */
		130E76582CC8291B0004BDF2 /* Debug */ = {
			isa = XCBuildConfiguration;
			buildSettings = {
				ALWAYS_SEARCH_USER_PATHS = NO;
				ASSETCATALOG_COMPILER_GENERATE_SWIFT_ASSET_SYMBOL_EXTENSIONS = YES;
				CLANG_ANALYZER_NONNULL = YES;
				CLANG_ANALYZER_NUMBER_OBJECT_CONVERSION = YES_AGGRESSIVE;
				CLANG_CXX_LANGUAGE_STANDARD = "gnu++20";
				CLANG_ENABLE_MODULES = YES;
				CLANG_ENABLE_OBJC_ARC = YES;
				CLANG_ENABLE_OBJC_WEAK = YES;
				CLANG_WARN_BLOCK_CAPTURE_AUTORELEASING = YES;
				CLANG_WARN_BOOL_CONVERSION = YES;
				CLANG_WARN_COMMA = YES;
				CLANG_WARN_CONSTANT_CONVERSION = YES;
				CLANG_WARN_DEPRECATED_OBJC_IMPLEMENTATIONS = YES;
				CLANG_WARN_DIRECT_OBJC_ISA_USAGE = YES_ERROR;
				CLANG_WARN_DOCUMENTATION_COMMENTS = YES;
				CLANG_WARN_EMPTY_BODY = YES;
				CLANG_WARN_ENUM_CONVERSION = YES;
				CLANG_WARN_INFINITE_RECURSION = YES;
				CLANG_WARN_INT_CONVERSION = YES;
				CLANG_WARN_NON_LITERAL_NULL_CONVERSION = YES;
				CLANG_WARN_OBJC_IMPLICIT_RETAIN_SELF = YES;
				CLANG_WARN_OBJC_LITERAL_CONVERSION = YES;
				CLANG_WARN_OBJC_ROOT_CLASS = YES_ERROR;
				CLANG_WARN_QUOTED_INCLUDE_IN_FRAMEWORK_HEADER = YES;
				CLANG_WARN_RANGE_LOOP_ANALYSIS = YES;
				CLANG_WARN_STRICT_PROTOTYPES = YES;
				CLANG_WARN_SUSPICIOUS_MOVE = YES;
				CLANG_WARN_UNGUARDED_AVAILABILITY = YES_AGGRESSIVE;
				CLANG_WARN_UNREACHABLE_CODE = YES;
				CLANG_WARN__DUPLICATE_METHOD_MATCH = YES;
				COPY_PHASE_STRIP = NO;
				DEBUG_INFORMATION_FORMAT = dwarf;
				ENABLE_STRICT_OBJC_MSGSEND = YES;
				ENABLE_TESTABILITY = YES;
				ENABLE_USER_SCRIPT_SANDBOXING = YES;
				GCC_C_LANGUAGE_STANDARD = gnu17;
				GCC_DYNAMIC_NO_PIC = NO;
				GCC_NO_COMMON_BLOCKS = YES;
				GCC_OPTIMIZATION_LEVEL = 0;
				GCC_PREPROCESSOR_DEFINITIONS = (
					"DEBUG=1",
					"$(inherited)",
				);
				GCC_WARN_64_TO_32_BIT_CONVERSION = YES;
				GCC_WARN_ABOUT_RETURN_TYPE = YES_ERROR;
				GCC_WARN_UNDECLARED_SELECTOR = YES;
				GCC_WARN_UNINITIALIZED_AUTOS = YES_AGGRESSIVE;
				GCC_WARN_UNUSED_FUNCTION = YES;
				GCC_WARN_UNUSED_VARIABLE = YES;
				IPHONEOS_DEPLOYMENT_TARGET = 17.5;
				LOCALIZATION_PREFERS_STRING_CATALOGS = YES;
				MTL_ENABLE_DEBUG_INFO = INCLUDE_SOURCE;
				MTL_FAST_MATH = YES;
				ONLY_ACTIVE_ARCH = YES;
				SDKROOT = iphoneos;
				SWIFT_ACTIVE_COMPILATION_CONDITIONS = "DEBUG $(inherited)";
				SWIFT_OPTIMIZATION_LEVEL = "-Onone";
			};
			name = Debug;
		};
		130E76592CC8291B0004BDF2 /* Release */ = {
			isa = XCBuildConfiguration;
			buildSettings = {
				ALWAYS_SEARCH_USER_PATHS = NO;
				ASSETCATALOG_COMPILER_GENERATE_SWIFT_ASSET_SYMBOL_EXTENSIONS = YES;
				CLANG_ANALYZER_NONNULL = YES;
				CLANG_ANALYZER_NUMBER_OBJECT_CONVERSION = YES_AGGRESSIVE;
				CLANG_CXX_LANGUAGE_STANDARD = "gnu++20";
				CLANG_ENABLE_MODULES = YES;
				CLANG_ENABLE_OBJC_ARC = YES;
				CLANG_ENABLE_OBJC_WEAK = YES;
				CLANG_WARN_BLOCK_CAPTURE_AUTORELEASING = YES;
				CLANG_WARN_BOOL_CONVERSION = YES;
				CLANG_WARN_COMMA = YES;
				CLANG_WARN_CONSTANT_CONVERSION = YES;
				CLANG_WARN_DEPRECATED_OBJC_IMPLEMENTATIONS = YES;
				CLANG_WARN_DIRECT_OBJC_ISA_USAGE = YES_ERROR;
				CLANG_WARN_DOCUMENTATION_COMMENTS = YES;
				CLANG_WARN_EMPTY_BODY = YES;
				CLANG_WARN_ENUM_CONVERSION = YES;
				CLANG_WARN_INFINITE_RECURSION = YES;
				CLANG_WARN_INT_CONVERSION = YES;
				CLANG_WARN_NON_LITERAL_NULL_CONVERSION = YES;
				CLANG_WARN_OBJC_IMPLICIT_RETAIN_SELF = YES;
				CLANG_WARN_OBJC_LITERAL_CONVERSION = YES;
				CLANG_WARN_OBJC_ROOT_CLASS = YES_ERROR;
				CLANG_WARN_QUOTED_INCLUDE_IN_FRAMEWORK_HEADER = YES;
				CLANG_WARN_RANGE_LOOP_ANALYSIS = YES;
				CLANG_WARN_STRICT_PROTOTYPES = YES;
				CLANG_WARN_SUSPICIOUS_MOVE = YES;
				CLANG_WARN_UNGUARDED_AVAILABILITY = YES_AGGRESSIVE;
				CLANG_WARN_UNREACHABLE_CODE = YES;
				CLANG_WARN__DUPLICATE_METHOD_MATCH = YES;
				COPY_PHASE_STRIP = NO;
				DEBUG_INFORMATION_FORMAT = "dwarf-with-dsym";
				ENABLE_NS_ASSERTIONS = NO;
				ENABLE_STRICT_OBJC_MSGSEND = YES;
				ENABLE_USER_SCRIPT_SANDBOXING = YES;
				GCC_C_LANGUAGE_STANDARD = gnu17;
				GCC_NO_COMMON_BLOCKS = YES;
				GCC_WARN_64_TO_32_BIT_CONVERSION = YES;
				GCC_WARN_ABOUT_RETURN_TYPE = YES_ERROR;
				GCC_WARN_UNDECLARED_SELECTOR = YES;
				GCC_WARN_UNINITIALIZED_AUTOS = YES_AGGRESSIVE;
				GCC_WARN_UNUSED_FUNCTION = YES;
				GCC_WARN_UNUSED_VARIABLE = YES;
				IPHONEOS_DEPLOYMENT_TARGET = 17.5;
				LOCALIZATION_PREFERS_STRING_CATALOGS = YES;
				MTL_ENABLE_DEBUG_INFO = NO;
				MTL_FAST_MATH = YES;
				SDKROOT = iphoneos;
				SWIFT_COMPILATION_MODE = wholemodule;
				VALIDATE_PRODUCT = YES;
			};
			name = Release;
		};
		130E765B2CC8291B0004BDF2 /* Debug */ = {
			isa = XCBuildConfiguration;
			buildSettings = {
				ASSETCATALOG_COMPILER_APPICON_NAME = AppIcon;
				ASSETCATALOG_COMPILER_GLOBAL_ACCENT_COLOR_NAME = AccentColor;
				CODE_SIGN_STYLE = Automatic;
				CURRENT_PROJECT_VERSION = 1;
				GENERATE_INFOPLIST_FILE = YES;
				INFOPLIST_FILE = iOSmidterm/Info.plist;
				INFOPLIST_KEY_UIApplicationSupportsIndirectInputEvents = YES;
				INFOPLIST_KEY_UILaunchStoryboardName = LaunchScreen;
				INFOPLIST_KEY_UIMainStoryboardFile = Main;
				INFOPLIST_KEY_UISupportedInterfaceOrientations_iPad = "UIInterfaceOrientationPortrait UIInterfaceOrientationPortraitUpsideDown UIInterfaceOrientationLandscapeLeft UIInterfaceOrientationLandscapeRight";
				INFOPLIST_KEY_UISupportedInterfaceOrientations_iPhone = "UIInterfaceOrientationPortrait UIInterfaceOrientationLandscapeLeft UIInterfaceOrientationLandscapeRight";
				LD_RUNPATH_SEARCH_PATHS = (
					"$(inherited)",
					"@executable_path/Frameworks",
				);
				MARKETING_VERSION = 1.0;
				PRODUCT_BUNDLE_IDENTIFIER = None.iOSmidterm;
				PRODUCT_NAME = "$(TARGET_NAME)";
				SWIFT_EMIT_LOC_STRINGS = YES;
				SWIFT_VERSION = 5.0;
				TARGETED_DEVICE_FAMILY = "1,2";
			};
			name = Debug;
		};
		130E765C2CC8291B0004BDF2 /* Release */ = {
			isa = XCBuildConfiguration;
			buildSettings = {
				ASSETCATALOG_COMPILER_APPICON_NAME = AppIcon;
				ASSETCATALOG_COMPILER_GLOBAL_ACCENT_COLOR_NAME = AccentColor;
				CODE_SIGN_STYLE = Automatic;
				CURRENT_PROJECT_VERSION = 1;
				GENERATE_INFOPLIST_FILE = YES;
				INFOPLIST_FILE = iOSmidterm/Info.plist;
				INFOPLIST_KEY_UIApplicationSupportsIndirectInputEvents = YES;
				INFOPLIST_KEY_UILaunchStoryboardName = LaunchScreen;
				INFOPLIST_KEY_UIMainStoryboardFile = Main;
				INFOPLIST_KEY_UISupportedInterfaceOrientations_iPad = "UIInterfaceOrientationPortrait UIInterfaceOrientationPortraitUpsideDown UIInterfaceOrientationLandscapeLeft UIInterfaceOrientationLandscapeRight";
				INFOPLIST_KEY_UISupportedInterfaceOrientations_iPhone = "UIInterfaceOrientationPortrait UIInterfaceOrientationLandscapeLeft UIInterfaceOrientationLandscapeRight";
				LD_RUNPATH_SEARCH_PATHS = (
					"$(inherited)",
					"@executable_path/Frameworks",
				);
				MARKETING_VERSION = 1.0;
				PRODUCT_BUNDLE_IDENTIFIER = None.iOSmidterm;
				PRODUCT_NAME = "$(TARGET_NAME)";
				SWIFT_EMIT_LOC_STRINGS = YES;
				SWIFT_VERSION = 5.0;
				TARGETED_DEVICE_FAMILY = "1,2";
			};
			name = Release;
		};
		130E765E2CC8291B0004BDF2 /* Debug */ = {
			isa = XCBuildConfiguration;
			buildSettings = {
				ALWAYS_EMBED_SWIFT_STANDARD_LIBRARIES = YES;
				BUNDLE_LOADER = "$(TEST_HOST)";
				CODE_SIGN_STYLE = Automatic;
				CURRENT_PROJECT_VERSION = 1;
				GENERATE_INFOPLIST_FILE = YES;
				IPHONEOS_DEPLOYMENT_TARGET = 17.5;
				MARKETING_VERSION = 1.0;
				PRODUCT_BUNDLE_IDENTIFIER = None.iOSmidtermTests;
				PRODUCT_NAME = "$(TARGET_NAME)";
				SWIFT_EMIT_LOC_STRINGS = NO;
				SWIFT_VERSION = 5.0;
				TARGETED_DEVICE_FAMILY = "1,2";
				TEST_HOST = "$(BUILT_PRODUCTS_DIR)/iOSmidterm.app/$(BUNDLE_EXECUTABLE_FOLDER_PATH)/iOSmidterm";
			};
			name = Debug;
		};
		130E765F2CC8291B0004BDF2 /* Release */ = {
			isa = XCBuildConfiguration;
			buildSettings = {
				ALWAYS_EMBED_SWIFT_STANDARD_LIBRARIES = YES;
				BUNDLE_LOADER = "$(TEST_HOST)";
				CODE_SIGN_STYLE = Automatic;
				CURRENT_PROJECT_VERSION = 1;
				GENERATE_INFOPLIST_FILE = YES;
				IPHONEOS_DEPLOYMENT_TARGET = 17.5;
				MARKETING_VERSION = 1.0;
				PRODUCT_BUNDLE_IDENTIFIER = None.iOSmidtermTests;
				PRODUCT_NAME = "$(TARGET_NAME)";
				SWIFT_EMIT_LOC_STRINGS = NO;
				SWIFT_VERSION = 5.0;
				TARGETED_DEVICE_FAMILY = "1,2";
				TEST_HOST = "$(BUILT_PRODUCTS_DIR)/iOSmidterm.app/$(BUNDLE_EXECUTABLE_FOLDER_PATH)/iOSmidterm";
			};
			name = Release;
		};
		130E76612CC8291B0004BDF2 /* Debug */ = {
			isa = XCBuildConfiguration;
			buildSettings = {
				ALWAYS_EMBED_SWIFT_STANDARD_LIBRARIES = YES;
				CODE_SIGN_STYLE = Automatic;
				CURRENT_PROJECT_VERSION = 1;
				GENERATE_INFOPLIST_FILE = YES;
				MARKETING_VERSION = 1.0;
				PRODUCT_BUNDLE_IDENTIFIER = None.iOSmidtermUITests;
				PRODUCT_NAME = "$(TARGET_NAME)";
				SWIFT_EMIT_LOC_STRINGS = NO;
				SWIFT_VERSION = 5.0;
				TARGETED_DEVICE_FAMILY = "1,2";
				TEST_TARGET_NAME = iOSmidterm;
			};
			name = Debug;
		};
		130E76622CC8291B0004BDF2 /* Release */ = {
			isa = XCBuildConfiguration;
			buildSettings = {
				ALWAYS_EMBED_SWIFT_STANDARD_LIBRARIES = YES;
				CODE_SIGN_STYLE = Automatic;
				CURRENT_PROJECT_VERSION = 1;
				GENERATE_INFOPLIST_FILE = YES;
				MARKETING_VERSION = 1.0;
				PRODUCT_BUNDLE_IDENTIFIER = None.iOSmidtermUITests;
				PRODUCT_NAME = "$(TARGET_NAME)";
				SWIFT_EMIT_LOC_STRINGS = NO;
				SWIFT_VERSION = 5.0;
				TARGETED_DEVICE_FAMILY = "1,2";
				TEST_TARGET_NAME = iOSmidterm;
			};
			name = Release;
		};
/* End XCBuildConfiguration section */

/* Begin XCConfigurationList section */
		130E762B2CC829180004BDF2 /* Build configuration list for PBXProject "iOSmidterm" */ = {
			isa = XCConfigurationList;
			buildConfigurations = (
				130E76582CC8291B0004BDF2 /* Debug */,
				130E76592CC8291B0004BDF2 /* Release */,
			);
			defaultConfigurationIsVisible = 0;
			defaultConfigurationName = Release;
		};
		130E765A2CC8291B0004BDF2 /* Build configuration list for PBXNativeTarget "iOSmidterm" */ = {
			isa = XCConfigurationList;
			buildConfigurations = (
				130E765B2CC8291B0004BDF2 /* Debug */,
				130E765C2CC8291B0004BDF2 /* Release */,
			);
			defaultConfigurationIsVisible = 0;
			defaultConfigurationName = Release;
		};
		130E765D2CC8291B0004BDF2 /* Build configuration list for PBXNativeTarget "iOSmidtermTests" */ = {
			isa = XCConfigurationList;
			buildConfigurations = (
				130E765E2CC8291B0004BDF2 /* Debug */,
				130E765F2CC8291B0004BDF2 /* Release */,
			);
			defaultConfigurationIsVisible = 0;
			defaultConfigurationName = Release;
		};
		130E76602CC8291B0004BDF2 /* Build configuration list for PBXNativeTarget "iOSmidtermUITests" */ = {
			isa = XCConfigurationList;
			buildConfigurations = (
				130E76612CC8291B0004BDF2 /* Debug */,
				130E76622CC8291B0004BDF2 /* Release */,
			);
			defaultConfigurationIsVisible = 0;
			defaultConfigurationName = Release;
		};
/* End XCConfigurationList section */
	};
	rootObject = 130E76282CC829180004BDF2 /* Project object */;
}
